{
  "requires": true,
  "lockfileVersion": 1,
  "dependencies": {
    "vue-awesome-datepicker": {
      "version": "1.1.1",
      "resolved": "https://registry.npmjs.org/vue-awesome-datepicker/-/vue-awesome-datepicker-1.1.1.tgz",
      "integrity": "sha512-kSzljPqC4DjBMdOKKxf71SYzP5tT3D7LKDhCRHOwz1F6QDgoTNHfuy23Tr7I/j6FGOsvHUXyQOYvwtKJbM380A=="
    }
  }
}
